github.com/klauspost/compress v1.18.7-0.20260521203646-ecdb779d8745 h1:YHIbRzXZTz1KOq5ges6vri9di7b+AcbE0GySH3+v2eU=
github.com/klauspost/compress v1.18.7-0.20260521203646-ecdb779d8745/go.mod h1:cwPg85FWrGar70rWktvGQj8/hthj3wpl0PGDogxkrSQ=
github.com/unxed/zipcharset v0.1.0 h1:zLbrIj4TVG+NVHc31SXckCjKd10HeS5Nromp8rUHw1Y=
github.com/unxed/zipcharset v0.1.0/go.mod h1:H2gym2IAth4BpKQ5pFJObYzRuejmwLKlsVvz3OuX0+w=
golang.org/x/text v0.21.0 h1:zyQAAkrwaneQ066sspRyJaG9VNi/YJ1NfzcGB3hZ/qo=
golang.org/x/text v0.21.0/go.mod h1:4IBbMaMmOPCJ8SecivzSH54+73PCFmPWxNTLm+vZkEQ=
