github.com/klauspost/compress v1.18.7-0.20260521203646-ecdb779d8745 h1:YHIbRzXZTz1KOq5ges6vri9di7b+AcbE0GySH3+v2eU=
github.com/klauspost/compress v1.18.7-0.20260521203646-ecdb779d8745/go.mod h1:cwPg85FWrGar70rWktvGQj8/hthj3wpl0PGDogxkrSQ=
github.com/unxed/localecp v0.1.2 h1:Ogmhc8JYnshQxNOfRGg9iHmvLxRx0ugiRUavY8HTTVE=
github.com/unxed/localecp v0.1.2/go.mod h1:gkgbX7rTm/GONyio6Ob/wxTgU9AxkIm9bQYnVH0/1pQ=
github.com/unxed/zipcharset v0.1.3 h1:zgM8Xg+yJ4Nw6dV5G5/BijB9Uu+jrxdvuk0Vo0oOW04=
github.com/unxed/zipcharset v0.1.3/go.mod h1:e7gS9L5uBeHuqP4QrAR5TYl7ZtyZqcdqGQO9a7cPNyQ=
golang.org/x/text v0.21.0 h1:zyQAAkrwaneQ066sspRyJaG9VNi/YJ1NfzcGB3hZ/qo=
golang.org/x/text v0.21.0/go.mod h1:4IBbMaMmOPCJ8SecivzSH54+73PCFmPWxNTLm+vZkEQ=
